
Microsoft Visual Studio Solution File, Format Version 12.00
# Visual Studio Version 17
VisualStudioVersion = 17.4.33027.239
MinimumVisualStudioVersion = 10.0.40219.1
Project("{9A19103F-16F7-4668-BE54-9A1E7A4F7556}") = "MintPlayer.PlatformBrowser", "MintPlayer.PlatformBrowser\MintPlayer.PlatformBrowser.csproj", "{35945CD5-8D8E-40BA-A924-F142DBD1AA6F}"
EndProject
Project("{9A19103F-16F7-4668-BE54-9A1E7A4F7556}") = "MintPlayer.BrowserDialog", "MintPlayer.BrowserDialog\MintPlayer.BrowserDialog.csproj", "{47B97437-4491-40BF-932C-C74BF161B081}"
EndProject
Project("{9A19103F-16F7-4668-BE54-9A1E7A4F7556}") = "MintPlayer.BrowserDialog.Demo", "MintPlayer.BrowserDialog.Demo\MintPlayer.BrowserDialog.Demo.csproj", "{7F518A06-4898-4D8B-9FBF-1C8C7B0B62CA}"
EndProject
Project("{9A19103F-16F7-4668-BE54-9A1E7A4F7556}") = "MintPlayer.PlatformBrowser.Demo", "MintPlayer.PlatformBrowser.Demo\MintPlayer.PlatformBrowser.Demo.csproj", "{938DEBE4-0150-4AE1-B98E-038B5453A52A}"
EndProject
Project("{9A19103F-16F7-4668-BE54-9A1E7A4F7556}") = "MintPlayer.IconUtils", "MintPlayer.IconUtils\MintPlayer.IconUtils.csproj", "{DF75330C-3346-41F8-B713-621F4A80179E}"
EndProject
Global
	GlobalSection(SolutionConfigurationPlatforms) = preSolution
		Debug|Any CPU = Debug|Any CPU
		Release|Any CPU = Release|Any CPU
	EndGlobalSection
	GlobalSection(ProjectConfigurationPlatforms) = postSolution
		{35945CD5-8D8E-40BA-A924-F142DBD1AA6F}.Debug|Any CPU.ActiveCfg = Debug|Any CPU
		{35945CD5-8D8E-40BA-A924-F142DBD1AA6F}.Debug|Any CPU.Build.0 = Debug|Any CPU
		{35945CD5-8D8E-40BA-A924-F142DBD1AA6F}.Release|Any CPU.ActiveCfg = Release|Any CPU
		{35945CD5-8D8E-40BA-A924-F142DBD1AA6F}.Release|Any CPU.Build.0 = Release|Any CPU
		{47B97437-4491-40BF-932C-C74BF161B081}.Debug|Any CPU.ActiveCfg = Debug|Any CPU
		{47B97437-4491-40BF-932C-C74BF161B081}.Debug|Any CPU.Build.0 = Debug|Any CPU
		{47B97437-4491-40BF-932C-C74BF161B081}.Release|Any CPU.ActiveCfg = Release|Any CPU
		{47B97437-4491-40BF-932C-C74BF161B081}.Release|Any CPU.Build.0 = Release|Any CPU
		{7F518A06-4898-4D8B-9FBF-1C8C7B0B62CA}.Debug|Any CPU.ActiveCfg = Debug|Any CPU
		{7F518A06-4898-4D8B-9FBF-1C8C7B0B62CA}.Debug|Any CPU.Build.0 = Debug|Any CPU
		{7F518A06-4898-4D8B-9FBF-1C8C7B0B62CA}.Release|Any CPU.ActiveCfg = Release|Any CPU
		{7F518A06-4898-4D8B-9FBF-1C8C7B0B62CA}.Release|Any CPU.Build.0 = Release|Any CPU
		{938DEBE4-0150-4AE1-B98E-038B5453A52A}.Debug|Any CPU.ActiveCfg = Debug|Any CPU
		{938DEBE4-0150-4AE1-B98E-038B5453A52A}.Debug|Any CPU.Build.0 = Debug|Any CPU
		{938DEBE4-0150-4AE1-B98E-038B5453A52A}.Release|Any CPU.ActiveCfg = Release|Any CPU
		{938DEBE4-0150-4AE1-B98E-038B5453A52A}.Release|Any CPU.Build.0 = Release|Any CPU
		{DF75330C-3346-41F8-B713-621F4A80179E}.Debug|Any CPU.ActiveCfg = Debug|Any CPU
		{DF75330C-3346-41F8-B713-621F4A80179E}.Debug|Any CPU.Build.0 = Debug|Any CPU
		{DF75330C-3346-41F8-B713-621F4A80179E}.Release|Any CPU.ActiveCfg = Release|Any CPU
		{DF75330C-3346-41F8-B713-621F4A80179E}.Release|Any CPU.Build.0 = Release|Any CPU
	EndGlobalSection
	GlobalSection(SolutionProperties) = preSolution
		HideSolutionNode = FALSE
	EndGlobalSection
	GlobalSection(ExtensibilityGlobals) = postSolution
		SolutionGuid = {ECD70619-E5DD-42D8-8F79-660C4A084B3F}
	EndGlobalSection
EndGlobal
